// !$*UTF8*$!
{
	archiveVersion = 1;
	classes = {
	};
	objectVersion = 48;
	objects = {

/* Begin PBXBuildFile section */
		7A1CF23B20AC7365001ACE7B /* findpath.cpp in Sources */ = {isa = PBXBuildFile; fileRef = 7A1CF23820AC7365001ACE7B /* findpath.cpp */; };
		7A570E7C208F829900E4EAB6 /* map.cpp in Sources */ = {isa = PBXBuildFile; fileRef = 7A570E7A208F829900E4EAB6 /* map.cpp */; };
		7A641B9A2086180A0027BDB7 /* main.cpp in Sources */ = {isa = PBXBuildFile; fileRef = 7A641B992086180A0027BDB7 /* main.cpp */; };
		7A641BA2208618470027BDB7 /* SDL2.framework in Frameworks */ = {isa = PBXBuildFile; fileRef = 7A641BA1208618470027BDB7 /* SDL2.framework */; };
		7A641BA520861B3B0027BDB7 /* Game.cpp in Sources */ = {isa = PBXBuildFile; fileRef = 7A641BA320861B3B0027BDB7 /* Game.cpp */; };
		7A641BA720863EC00027BDB7 /* SDL2_image.framework in Frameworks */ = {isa = PBXBuildFile; fileRef = 7A641BA620863EC00027BDB7 /* SDL2_image.framework */; };
		7A6C54E9208A1ED7004F8C5C /* textureManager.cpp in Sources */ = {isa = PBXBuildFile; fileRef = 7A6C54E7208A1ED7004F8C5C /* textureManager.cpp */; };
		7AD4E81E208F6B570012DB7A /* gameObject.cpp in Sources */ = {isa = PBXBuildFile; fileRef = 7AD4E81C208F6B570012DB7A /* gameObject.cpp */; };
/* End PBXBuildFile section */

/* Begin PBXCopyFilesBuildPhase section */
		7A641B942086180A0027BDB7 /* CopyFiles */ = {
			isa = PBXCopyFilesBuildPhase;
			buildActionMask = 2147483647;
			dstPath = /usr/share/man/man1/;
			dstSubfolderSpec = 0;
			files = (
			);
			runOnlyForDeploymentPostprocessing = 1;
		};
/* End PBXCopyFilesBuildPhase section */

/* Begin PBXFileReference section */
		7A1CF23820AC7365001ACE7B /* findpath.cpp */ = {isa = PBXFileReference; fileEncoding = 4; lastKnownFileType = sourcecode.cpp.cpp; path = findpath.cpp; sourceTree = "<group>"; };
		7A1CF23920AC7365001ACE7B /* stlastar.h */ = {isa = PBXFileReference; fileEncoding = 4; lastKnownFileType = sourcecode.c.h; path = stlastar.h; sourceTree = "<group>"; };
		7A1CF23A20AC7365001ACE7B /* fsa.h */ = {isa = PBXFileReference; fileEncoding = 4; lastKnownFileType = sourcecode.c.h; path = fsa.h; sourceTree = "<group>"; };
		7A34E66720A70922002625A1 /* brick.png */ = {isa = PBXFileReference; lastKnownFileType = image.png; path = brick.png; sourceTree = "<group>"; };
		7A570E73208F801F00E4EAB6 /* Tileset.png */ = {isa = PBXFileReference; lastKnownFileType = image.png; path = Tileset.png; sourceTree = "<group>"; };
		7A570E7A208F829900E4EAB6 /* map.cpp */ = {isa = PBXFileReference; lastKnownFileType = sourcecode.cpp.cpp; path = map.cpp; sourceTree = "<group>"; };
		7A570E7B208F829900E4EAB6 /* map.hpp */ = {isa = PBXFileReference; lastKnownFileType = sourcecode.cpp.h; path = map.hpp; sourceTree = "<group>"; };
		7A570E7D208F8A9400E4EAB6 /* water.png */ = {isa = PBXFileReference; lastKnownFileType = image.png; path = water.png; sourceTree = "<group>"; };
		7A641B962086180A0027BDB7 /* Game */ = {isa = PBXFileReference; explicitFileType = "compiled.mach-o.executable"; includeInIndex = 0; path = Game; sourceTree = BUILT_PRODUCTS_DIR; };
		7A641B992086180A0027BDB7 /* main.cpp */ = {isa = PBXFileReference; lastKnownFileType = sourcecode.cpp.cpp; path = main.cpp; sourceTree = "<group>"; };
		7A641BA1208618470027BDB7 /* SDL2.framework */ = {isa = PBXFileReference; lastKnownFileType = wrapper.framework; name = SDL2.framework; path = ../../../../Library/Frameworks/SDL2.framework; sourceTree = "<group>"; };
		7A641BA320861B3B0027BDB7 /* Game.cpp */ = {isa = PBXFileReference; lastKnownFileType = sourcecode.cpp.cpp; name = Game.cpp; path = Game/Game.cpp; sourceTree = SOURCE_ROOT; };
		7A641BA420861B3B0027BDB7 /* Game.hpp */ = {isa = PBXFileReference; lastKnownFileType = sourcecode.cpp.h; path = Game.hpp; sourceTree = "<group>"; };
		7A641BA620863EC00027BDB7 /* SDL2_image.framework */ = {isa = PBXFileReference; lastKnownFileType = wrapper.framework; name = SDL2_image.framework; path = ../../../../Library/Frameworks/SDL2_image.framework; sourceTree = "<group>"; };
		7A6C54E7208A1ED7004F8C5C /* textureManager.cpp */ = {isa = PBXFileReference; lastKnownFileType = sourcecode.cpp.cpp; path = textureManager.cpp; sourceTree = "<group>"; };
		7A6C54E8208A1ED7004F8C5C /* textureManager.hpp */ = {isa = PBXFileReference; lastKnownFileType = sourcecode.cpp.h; path = textureManager.hpp; sourceTree = "<group>"; };
		7A6DFECB20A9D0A800CFCD03 /* grass.png */ = {isa = PBXFileReference; lastKnownFileType = image.png; path = grass.png; sourceTree = "<group>"; };
		7AD4E81C208F6B570012DB7A /* gameObject.cpp */ = {isa = PBXFileReference; lastKnownFileType = sourcecode.cpp.cpp; path = gameObject.cpp; sourceTree = "<group>"; };
		7AD4E81D208F6B570012DB7A /* gameObject.hpp */ = {isa = PBXFileReference; lastKnownFileType = sourcecode.cpp.h; path = gameObject.hpp; sourceTree = "<group>"; };
/* End PBXFileReference section */

/* Begin PBXFrameworksBuildPhase section */
		7A641B932086180A0027BDB7 /* Frameworks */ = {
			isa = PBXFrameworksBuildPhase;
			buildActionMask = 2147483647;
			files = (
				7A641BA720863EC00027BDB7 /* SDL2_image.framework in Frameworks */,
				7A641BA2208618470027BDB7 /* SDL2.framework in Frameworks */,
			);
			runOnlyForDeploymentPostprocessing = 0;
		};
/* End PBXFrameworksBuildPhase section */

/* Begin PBXGroup section */
		7A641B8D2086180A0027BDB7 = {
			isa = PBXGroup;
			children = (
				7A641B982086180A0027BDB7 /* Game */,
				7A641B972086180A0027BDB7 /* Products */,
				7A641BA0208618460027BDB7 /* Frameworks */,
			);
			sourceTree = "<group>";
		};
		7A641B972086180A0027BDB7 /* Products */ = {
			isa = PBXGroup;
			children = (
				7A641B962086180A0027BDB7 /* Game */,
			);
			name = Products;
			sourceTree = "<group>";
		};
		7A641B982086180A0027BDB7 /* Game */ = {
			isa = PBXGroup;
			children = (
				7A641BA820863F6D0027BDB7 /* assets */,
				7A641B992086180A0027BDB7 /* main.cpp */,
				7A570E7A208F829900E4EAB6 /* map.cpp */,
				7A570E7B208F829900E4EAB6 /* map.hpp */,
				7A641BA320861B3B0027BDB7 /* Game.cpp */,
				7A641BA420861B3B0027BDB7 /* Game.hpp */,
				7AD4E81C208F6B570012DB7A /* gameObject.cpp */,
				7AD4E81D208F6B570012DB7A /* gameObject.hpp */,
				7A6C54E7208A1ED7004F8C5C /* textureManager.cpp */,
				7A6C54E8208A1ED7004F8C5C /* textureManager.hpp */,
				7A1CF23820AC7365001ACE7B /* findpath.cpp */,
				7A1CF23A20AC7365001ACE7B /* fsa.h */,
				7A1CF23920AC7365001ACE7B /* stlastar.h */,
			);
			path = Game;
			sourceTree = "<group>";
		};
		7A641BA0208618460027BDB7 /* Frameworks */ = {
			isa = PBXGroup;
			children = (
				7A641BA620863EC00027BDB7 /* SDL2_image.framework */,
				7A641BA1208618470027BDB7 /* SDL2.framework */,
			);
			name = Frameworks;
			sourceTree = "<group>";
		};
		7A641BA820863F6D0027BDB7 /* assets */ = {
			isa = PBXGroup;
			children = (
				7A570E7D208F8A9400E4EAB6 /* water.png */,
				7A6DFECB20A9D0A800CFCD03 /* grass.png */,
				7A34E66720A70922002625A1 /* brick.png */,
				7A570E73208F801F00E4EAB6 /* Tileset.png */,
			);
			path = assets;
			sourceTree = "<group>";
		};
/* End PBXGroup section */

/* Begin PBXNativeTarget section */
		7A641B952086180A0027BDB7 /* Game */ = {
			isa = PBXNativeTarget;
			buildConfigurationList = 7A641B9D2086180A0027BDB7 /* Build configuration list for PBXNativeTarget "Game" */;
			buildPhases = (
				7A641B922086180A0027BDB7 /* Sources */,
				7A641B932086180A0027BDB7 /* Frameworks */,
				7A641B942086180A0027BDB7 /* CopyFiles */,
			);
			buildRules = (
			);
			dependencies = (
			);
			name = Game;
			productName = Posso;
			productReference = 7A641B962086180A0027BDB7 /* Game */;
			productType = "com.apple.product-type.tool";
		};
/* End PBXNativeTarget section */

/* Begin PBXProject section */
		7A641B8E2086180A0027BDB7 /* Project object */ = {
			isa = PBXProject;
			attributes = {
				LastUpgradeCheck = 0920;
				ORGANIZATIONNAME = "Federico Chiesa";
				TargetAttributes = {
					7A641B952086180A0027BDB7 = {
						CreatedOnToolsVersion = 9.2;
						ProvisioningStyle = Automatic;
					};
				};
			};
			buildConfigurationList = 7A641B912086180A0027BDB7 /* Build configuration list for PBXProject "Game" */;
			compatibilityVersion = "Xcode 8.0";
			developmentRegion = en;
			hasScannedForEncodings = 0;
			knownRegions = (
				en,
			);
			mainGroup = 7A641B8D2086180A0027BDB7;
			productRefGroup = 7A641B972086180A0027BDB7 /* Products */;
			projectDirPath = "";
			projectRoot = "";
			targets = (
				7A641B952086180A0027BDB7 /* Game */,
			);
		};
/* End PBXProject section */

/* Begin PBXSourcesBuildPhase section */
		7A641B922086180A0027BDB7 /* Sources */ = {
			isa = PBXSourcesBuildPhase;
			buildActionMask = 2147483647;
			files = (
				7AD4E81E208F6B570012DB7A /* gameObject.cpp in Sources */,
				7A6C54E9208A1ED7004F8C5C /* textureManager.cpp in Sources */,
				7A641B9A2086180A0027BDB7 /* main.cpp in Sources */,
				7A1CF23B20AC7365001ACE7B /* findpath.cpp in Sources */,
				7A570E7C208F829900E4EAB6 /* map.cpp in Sources */,
				7A641BA520861B3B0027BDB7 /* Game.cpp in Sources */,
			);
			runOnlyForDeploymentPostprocessing = 0;
		};
/* End PBXSourcesBuildPhase section */

/* Begin XCBuildConfiguration section */
		7A641B9B2086180A0027BDB7 /* Debug */ = {
			isa = XCBuildConfiguration;
			buildSettings = {
				ALWAYS_SEARCH_USER_PATHS = NO;
				CLANG_ANALYZER_NONNULL = YES;
				CLANG_ANALYZER_NUMBER_OBJECT_CONVERSION = YES_AGGRESSIVE;
				CLANG_CXX_LANGUAGE_STANDARD = "gnu++14";
				CLANG_CXX_LIBRARY = "libc++";
				CLANG_ENABLE_MODULES = YES;
				CLANG_ENABLE_OBJC_ARC = YES;
				CLANG_WARN_BLOCK_CAPTURE_AUTORELEASING = YES;
				CLANG_WARN_BOOL_CONVERSION = YES;
				CLANG_WARN_COMMA = YES;
				CLANG_WARN_CONSTANT_CONVERSION = YES;
				CLANG_WARN_DIRECT_OBJC_ISA_USAGE = YES_ERROR;
				CLANG_WARN_DOCUMENTATION_COMMENTS = YES;
				CLANG_WARN_EMPTY_BODY = YES;
				CLANG_WARN_ENUM_CONVERSION = YES;
				CLANG_WARN_INFINITE_RECURSION = YES;
				CLANG_WARN_INT_CONVERSION = YES;
				CLANG_WARN_NON_LITERAL_NULL_CONVERSION = YES;
				CLANG_WARN_OBJC_LITERAL_CONVERSION = YES;
				CLANG_WARN_OBJC_ROOT_CLASS = YES_ERROR;
				CLANG_WARN_RANGE_LOOP_ANALYSIS = YES;
				CLANG_WARN_STRICT_PROTOTYPES = YES;
				CLANG_WARN_SUSPICIOUS_MOVE = YES;
				CLANG_WARN_UNGUARDED_AVAILABILITY = YES_AGGRESSIVE;
				CLANG_WARN_UNREACHABLE_CODE = YES;
				CLANG_WARN__DUPLICATE_METHOD_MATCH = YES;
				CODE_SIGN_IDENTITY = "-";
				COPY_PHASE_STRIP = NO;
				DEBUG_INFORMATION_FORMAT = dwarf;
				ENABLE_STRICT_OBJC_MSGSEND = YES;
				ENABLE_TESTABILITY = YES;
				GCC_C_LANGUAGE_STANDARD = gnu11;
				GCC_DYNAMIC_NO_PIC = NO;
				GCC_NO_COMMON_BLOCKS = YES;
				GCC_OPTIMIZATION_LEVEL = 0;
				GCC_PREPROCESSOR_DEFINITIONS = (
					"DEBUG=1",
					"$(inherited)",
				);
				GCC_WARN_64_TO_32_BIT_CONVERSION = YES;
				GCC_WARN_ABOUT_RETURN_TYPE = YES_ERROR;
				GCC_WARN_UNDECLARED_SELECTOR = YES;
				GCC_WARN_UNINITIALIZED_AUTOS = YES_AGGRESSIVE;
				GCC_WARN_UNUSED_FUNCTION = YES;
				GCC_WARN_UNUSED_VARIABLE = YES;
				MACOSX_DEPLOYMENT_TARGET = 10.13;
				MTL_ENABLE_DEBUG_INFO = YES;
				ONLY_ACTIVE_ARCH = YES;
				SDKROOT = macosx;
			};
			name = Debug;
		};
		7A641B9C2086180A0027BDB7 /* Release */ = {
			isa = XCBuildConfiguration;
			buildSettings = {
				ALWAYS_SEARCH_USER_PATHS = NO;
				CLANG_ANALYZER_NONNULL = YES;
				CLANG_ANALYZER_NUMBER_OBJECT_CONVERSION = YES_AGGRESSIVE;
				CLANG_CXX_LANGUAGE_STANDARD = "gnu++14";
				CLANG_CXX_LIBRARY = "libc++";
				CLANG_ENABLE_MODULES = YES;
				CLANG_ENABLE_OBJC_ARC = YES;
				CLANG_WARN_BLOCK_CAPTURE_AUTORELEASING = YES;
				CLANG_WARN_BOOL_CONVERSION = YES;
				CLANG_WARN_COMMA = YES;
				CLANG_WARN_CONSTANT_CONVERSION = YES;
				CLANG_WARN_DIRECT_OBJC_ISA_USAGE = YES_ERROR;
				CLANG_WARN_DOCUMENTATION_COMMENTS = YES;
				CLANG_WARN_EMPTY_BODY = YES;
				CLANG_WARN_ENUM_CONVERSION = YES;
				CLANG_WARN_INFINITE_RECURSION = YES;
				CLANG_WARN_INT_CONVERSION = YES;
				CLANG_WARN_NON_LITERAL_NULL_CONVERSION = YES;
				CLANG_WARN_OBJC_LITERAL_CONVERSION = YES;
				CLANG_WARN_OBJC_ROOT_CLASS = YES_ERROR;
				CLANG_WARN_RANGE_LOOP_ANALYSIS = YES;
				CLANG_WARN_STRICT_PROTOTYPES = YES;
				CLANG_WARN_SUSPICIOUS_MOVE = YES;
				CLANG_WARN_UNGUARDED_AVAILABILITY = YES_AGGRESSIVE;
				CLANG_WARN_UNREACHABLE_CODE = YES;
				CLANG_WARN__DUPLICATE_METHOD_MATCH = YES;
				CODE_SIGN_IDENTITY = "-";
				COPY_PHASE_STRIP = NO;
				DEBUG_INFORMATION_FORMAT = "dwarf-with-dsym";
				ENABLE_NS_ASSERTIONS = NO;
				ENABLE_STRICT_OBJC_MSGSEND = YES;
				GCC_C_LANGUAGE_STANDARD = gnu11;
				GCC_NO_COMMON_BLOCKS = YES;
				GCC_WARN_64_TO_32_BIT_CONVERSION = YES;
				GCC_WARN_ABOUT_RETURN_TYPE = YES_ERROR;
				GCC_WARN_UNDECLARED_SELECTOR = YES;
				GCC_WARN_UNINITIALIZED_AUTOS = YES_AGGRESSIVE;
				GCC_WARN_UNUSED_FUNCTION = YES;
				GCC_WARN_UNUSED_VARIABLE = YES;
				MACOSX_DEPLOYMENT_TARGET = 10.13;
				MTL_ENABLE_DEBUG_INFO = NO;
				SDKROOT = macosx;
			};
			name = Release;
		};
		7A641B9E2086180A0027BDB7 /* Debug */ = {
			isa = XCBuildConfiguration;
			buildSettings = {
				CLANG_CXX_LANGUAGE_STANDARD = "c++17";
				CODE_SIGN_IDENTITY = "Mac Developer";
				CODE_SIGN_STYLE = Automatic;
				DEVELOPMENT_TEAM = 83B585W5MV;
				FRAMEWORK_SEARCH_PATHS = (
					"$(inherited)",
					"$(LOCAL_LIBRARY_DIR)/Frameworks",
				);
				PRODUCT_NAME = "$(TARGET_NAME)";
				PROVISIONING_PROFILE_SPECIFIER = "";
			};
			name = Debug;
		};
		7A641B9F2086180A0027BDB7 /* Release */ = {
			isa = XCBuildConfiguration;
			buildSettings = {
				CLANG_CXX_LANGUAGE_STANDARD = "c++17";
				CODE_SIGN_IDENTITY = "Mac Developer";
				CODE_SIGN_STYLE = Automatic;
				DEVELOPMENT_TEAM = 83B585W5MV;
				FRAMEWORK_SEARCH_PATHS = (
					"$(inherited)",
					"$(LOCAL_LIBRARY_DIR)/Frameworks",
				);
				PRODUCT_NAME = "$(TARGET_NAME)";
				PROVISIONING_PROFILE_SPECIFIER = "";
			};
			name = Release;
		};
/* End XCBuildConfiguration section */

/* Begin XCConfigurationList section */
		7A641B912086180A0027BDB7 /* Build configuration list for PBXProject "Game" */ = {
			isa = XCConfigurationList;
			buildConfigurations = (
				7A641B9B2086180A0027BDB7 /* Debug */,
				7A641B9C2086180A0027BDB7 /* Release */,
			);
			defaultConfigurationIsVisible = 0;
			defaultConfigurationName = Release;
		};
		7A641B9D2086180A0027BDB7 /* Build configuration list for PBXNativeTarget "Game" */ = {
			isa = XCConfigurationList;
			buildConfigurations = (
				7A641B9E2086180A0027BDB7 /* Debug */,
				7A641B9F2086180A0027BDB7 /* Release */,
			);
			defaultConfigurationIsVisible = 0;
			defaultConfigurationName = Release;
		};
/* End XCConfigurationList section */
	};
	rootObject = 7A641B8E2086180A0027BDB7 /* Project object */;
}
